
Microsoft Visual Studio Solution File, Format Version 12.00
# Visual Studio Version 16
VisualStudioVersion = 16.0.30204.135
MinimumVisualStudioVersion = 10.0.40219.1
Project("{FAE04EC0-301F-11D3-BF4B-00C04F79EFBC}") = "WeatherSample", "WeatherSample.csproj", "{9716F8DB-1870-4879-849C-B35FCEB63554}"
EndProject
Project("{FAE04EC0-301F-11D3-BF4B-00C04F79EFBC}") = "WeatherSample.Helpers", "..\WeatherSample.Helpers\WeatherSample.Helpers.csproj", "{3EDE92FD-D1BE-40C7-8227-67389A73E631}"
EndProject
Project("{FAE04EC0-301F-11D3-BF4B-00C04F79EFBC}") = "WeatherSample.Dal.Abstract", "..\WeatherSample.Dal.Abstract\WeatherSample.Dal.Abstract.csproj", "{AF0E2AEF-6B01-4B39-9F66-F51B6ABDD133}"
EndProject
Project("{FAE04EC0-301F-11D3-BF4B-00C04F79EFBC}") = "WeatherSample.Dal.Impl.MySql", "..\WeatherSample.Dal.Impl.MySql\WeatherSample.Dal.Impl.MySql.csproj", "{B501DB92-65DE-4974-96A9-A4AB63C5BDEF}"
EndProject
Project("{FAE04EC0-301F-11D3-BF4B-00C04F79EFBC}") = "WeatherSample.Models", "..\WeatherSample.Models\WeatherSample.Models.csproj", "{211E4F80-1485-4C31-8D88-D5AFF4CB99ED}"
EndProject
Project("{FAE04EC0-301F-11D3-BF4B-00C04F79EFBC}") = "WeatherSample.Logger", "..\WeatherSample.Logger\WeatherSample.Logger.csproj", "{18901245-191A-4BF0-AD9C-4CA73CCABBF2}"
EndProject
Global
	GlobalSection(SolutionConfigurationPlatforms) = preSolution
		Debug|Any CPU = Debug|Any CPU
		Release|Any CPU = Release|Any CPU
	EndGlobalSection
	GlobalSection(ProjectConfigurationPlatforms) = postSolution
		{9716F8DB-1870-4879-849C-B35FCEB63554}.Debug|Any CPU.ActiveCfg = Debug|Any CPU
		{9716F8DB-1870-4879-849C-B35FCEB63554}.Debug|Any CPU.Build.0 = Debug|Any CPU
		{9716F8DB-1870-4879-849C-B35FCEB63554}.Release|Any CPU.ActiveCfg = Release|Any CPU
		{9716F8DB-1870-4879-849C-B35FCEB63554}.Release|Any CPU.Build.0 = Release|Any CPU
		{3EDE92FD-D1BE-40C7-8227-67389A73E631}.Debug|Any CPU.ActiveCfg = Debug|Any CPU
		{3EDE92FD-D1BE-40C7-8227-67389A73E631}.Debug|Any CPU.Build.0 = Debug|Any CPU
		{3EDE92FD-D1BE-40C7-8227-67389A73E631}.Release|Any CPU.ActiveCfg = Release|Any CPU
		{3EDE92FD-D1BE-40C7-8227-67389A73E631}.Release|Any CPU.Build.0 = Release|Any CPU
		{AF0E2AEF-6B01-4B39-9F66-F51B6ABDD133}.Debug|Any CPU.ActiveCfg = Debug|Any CPU
		{AF0E2AEF-6B01-4B39-9F66-F51B6ABDD133}.Debug|Any CPU.Build.0 = Debug|Any CPU
		{AF0E2AEF-6B01-4B39-9F66-F51B6ABDD133}.Release|Any CPU.ActiveCfg = Release|Any CPU
		{AF0E2AEF-6B01-4B39-9F66-F51B6ABDD133}.Release|Any CPU.Build.0 = Release|Any CPU
		{B501DB92-65DE-4974-96A9-A4AB63C5BDEF}.Debug|Any CPU.ActiveCfg = Debug|Any CPU
		{B501DB92-65DE-4974-96A9-A4AB63C5BDEF}.Debug|Any CPU.Build.0 = Debug|Any CPU
		{B501DB92-65DE-4974-96A9-A4AB63C5BDEF}.Release|Any CPU.ActiveCfg = Release|Any CPU
		{B501DB92-65DE-4974-96A9-A4AB63C5BDEF}.Release|Any CPU.Build.0 = Release|Any CPU
		{211E4F80-1485-4C31-8D88-D5AFF4CB99ED}.Debug|Any CPU.ActiveCfg = Debug|Any CPU
		{211E4F80-1485-4C31-8D88-D5AFF4CB99ED}.Debug|Any CPU.Build.0 = Debug|Any CPU
		{211E4F80-1485-4C31-8D88-D5AFF4CB99ED}.Release|Any CPU.ActiveCfg = Release|Any CPU
		{211E4F80-1485-4C31-8D88-D5AFF4CB99ED}.Release|Any CPU.Build.0 = Release|Any CPU
		{18901245-191A-4BF0-AD9C-4CA73CCABBF2}.Debug|Any CPU.ActiveCfg = Debug|Any CPU
		{18901245-191A-4BF0-AD9C-4CA73CCABBF2}.Debug|Any CPU.Build.0 = Debug|Any CPU
		{18901245-191A-4BF0-AD9C-4CA73CCABBF2}.Release|Any CPU.ActiveCfg = Release|Any CPU
		{18901245-191A-4BF0-AD9C-4CA73CCABBF2}.Release|Any CPU.Build.0 = Release|Any CPU
	EndGlobalSection
	GlobalSection(SolutionProperties) = preSolution
		HideSolutionNode = FALSE
	EndGlobalSection
	GlobalSection(ExtensibilityGlobals) = postSolution
		SolutionGuid = {77359D7B-465B-401D-9603-8C5E93AB0AB5}
	EndGlobalSection
EndGlobal
